
Microsoft Visual Studio Solution File, Format Version 12.00
# Visual Studio Version 16
VisualStudioVersion = 16.0.31313.79
MinimumVisualStudioVersion = 10.0.40219.1
Project("{FAE04EC0-301F-11D3-BF4B-00C04F79EFBC}") = "UcuncuGunOdevUc", "UcuncuGunOdevUc\UcuncuGunOdevUc.csproj", "{EC92FDF3-0643-40F6-B36E-C6B0A6AAE723}"
EndProject
Project("{FAE04EC0-301F-11D3-BF4B-00C04F79EFBC}") = "ClassMetotDemo", "ClassMetotDemo\ClassMetotDemo.csproj", "{FA4AB01F-1ACA-445B-A4C9-DEEF2005FBE2}"
EndProject
Global
	GlobalSection(SolutionConfigurationPlatforms) = preSolution
		Debug|Any CPU = Debug|Any CPU
		Release|Any CPU = Release|Any CPU
	EndGlobalSection
	GlobalSection(ProjectConfigurationPlatforms) = postSolution
		{EC92FDF3-0643-40F6-B36E-C6B0A6AAE723}.Debug|Any CPU.ActiveCfg = Debug|Any CPU
		{EC92FDF3-0643-40F6-B36E-C6B0A6AAE723}.Debug|Any CPU.Build.0 = Debug|Any CPU
		{EC92FDF3-0643-40F6-B36E-C6B0A6AAE723}.Release|Any CPU.ActiveCfg = Release|Any CPU
		{EC92FDF3-0643-40F6-B36E-C6B0A6AAE723}.Release|Any CPU.Build.0 = Release|Any CPU
		{FA4AB01F-1ACA-445B-A4C9-DEEF2005FBE2}.Debug|Any CPU.ActiveCfg = Debug|Any CPU
		{FA4AB01F-1ACA-445B-A4C9-DEEF2005FBE2}.Debug|Any CPU.Build.0 = Debug|Any CPU
		{FA4AB01F-1ACA-445B-A4C9-DEEF2005FBE2}.Release|Any CPU.ActiveCfg = Release|Any CPU
		{FA4AB01F-1ACA-445B-A4C9-DEEF2005FBE2}.Release|Any CPU.Build.0 = Release|Any CPU
	EndGlobalSection
	GlobalSection(SolutionProperties) = preSolution
		HideSolutionNode = FALSE
	EndGlobalSection
	GlobalSection(ExtensibilityGlobals) = postSolution
		SolutionGuid = {BC07CD80-DA72-4967-AFE6-F8CD1065A27A}
	EndGlobalSection
EndGlobal
